
Microsoft Visual Studio Solution File, Format Version 12.00
# Visual Studio Version 17
VisualStudioVersion = 17.10.35027.167
MinimumVisualStudioVersion = 10.0.40219.1
Project("{FAE04EC0-301F-11D3-BF4B-00C04F79EFBC}") = "FirstTest", "FirstTest\FirstTest.csproj", "{5DBCA993-0CB9-48D2-8D1A-A90D0717817E}"
EndProject
Global
	GlobalSection(SolutionConfigurationPlatforms) = preSolution
		Debug|Any CPU = Debug|Any CPU
		Release|Any CPU = Release|Any CPU
	EndGlobalSection
	GlobalSection(ProjectConfigurationPlatforms) = postSolution
		{5DBCA993-0CB9-48D2-8D1A-A90D0717817E}.Debug|Any CPU.ActiveCfg = Debug|Any CPU
		{5DBCA993-0CB9-48D2-8D1A-A90D0717817E}.Debug|Any CPU.Build.0 = Debug|Any CPU
		{5DBCA993-0CB9-48D2-8D1A-A90D0717817E}.Release|Any CPU.ActiveCfg = Release|Any CPU
		{5DBCA993-0CB9-48D2-8D1A-A90D0717817E}.Release|Any CPU.Build.0 = Release|Any CPU
	EndGlobalSection
	GlobalSection(SolutionProperties) = preSolution
		HideSolutionNode = FALSE
	EndGlobalSection
	GlobalSection(ExtensibilityGlobals) = postSolution
		SolutionGuid = {69051A83-D0B7-4226-9BE2-B81F65FBE46F}
	EndGlobalSection
EndGlobal
